<?xml version="1.0" encoding="utf-8"?>
<Project ToolsVersion="4.0" xmlns="http://schemas.microsoft.com/developer/msbuild/2003">
  <ItemGroup>
    <Filter Include="Archivos de origen">
      <UniqueIdentifier>{4FC737F1-C7A5-4376-A066-2A32D752A2FF}</UniqueIdentifier>
      <Extensions>cpp;c;cc;cxx;def;odl;idl;hpj;bat;asm;asmx</Extensions>
    </Filter>
    <Filter Include="Archivos de encabezado">
      <UniqueIdentifier>{93995380-89BD-4b04-88EB-625FBE52EBFB}</UniqueIdentifier>
      <Extensions>h;hh;hpp;hxx;hm;inl;inc;ipp;xsd</Extensions>
    </Filter>
    <Filter Include="Archivos de recursos">
      <UniqueIdentifier>{67DA6AB6-F800-4c08-8B7A-83BB121AAD01}</UniqueIdentifier>
      <Extensions>rc;ico;cur;bmp;dlg;rc2;rct;bin;rgs;gif;jpg;jpeg;jpe;resx;tiff;tif;png;wav;mfcribbon-ms</Extensions>
    </Filter>
    <Filter Include="Archivos de recursos\Normal">
      <UniqueIdentifier>{c5ebe27f-d41b-4704-8272-8685bd99cce8}</UniqueIdentifier>
    </Filter>
    <Filter Include="Archivos de recursos\Shadows">
      <UniqueIdentifier>{a63bcd18-f5f7-4776-9a0c-4661c46782e7}</UniqueIdentifier>
    </Filter>
  </ItemGroup>
  <ItemGroup>
    <ClCompile Include="EntryPoint.cpp">
      <Filter>Archivos de origen</Filter>
    </ClCompile>
    <ClCompile Include="Utils.cpp">
      <Filter>Archivos de origen</Filter>
    </ClCompile>
    <ClCompile Include="glad\glad.c">
      <Filter>Archivos de origen</Filter>
    </ClCompile>
    <ClCompile Include="Simulator_3D.cpp">
      <Filter>Archivos de origen</Filter>
    </ClCompile>
    <ClCompile Include="IO\WriteSBF.cpp">
      <Filter>Archivos de origen</Filter>
    </ClCompile>
  </ItemGroup>
  <ItemGroup>
    <ClInclude Include="Shader.h">
      <Filter>Archivos de encabezado</Filter>
    </ClInclude>
    <ClInclude Include="Utils.h">
      <Filter>Archivos de encabezado</Filter>
    </ClInclude>
    <ClInclude Include="Camera.h">
      <Filter>Archivos de encabezado</Filter>
    </ClInclude>
    <ClInclude Include="Simulator_3D.h">
      <Filter>Archivos de encabezado</Filter>
    </ClInclude>
    <ClInclude Include="IO\WriteSBF.h">
      <Filter>Archivos de encabezado</Filter>
    </ClInclude>
  </ItemGroup>
  <ItemGroup>
    <None Include="shaders\shaderBB.frag">
      <Filter>Archivos de recursos\Normal</Filter>
    </None>
    <None Include="shaders\shaderBB.vert">
      <Filter>Archivos de recursos\Normal</Filter>
    </None>
    <None Include="shaders\shaderPoint.frag">
      <Filter>Archivos de recursos\Normal</Filter>
    </None>
    <None Include="shaders\shaderPoint.vert">
      <Filter>Archivos de recursos\Normal</Filter>
    </None>
    <None Include="shadersShadows\shaderPoint.frag">
      <Filter>Archivos de recursos\Shadows</Filter>
    </None>
    <None Include="shadersShadows\shaderPoint.vert">
      <Filter>Archivos de recursos\Shadows</Filter>
    </None>
    <None Include="shadersShadows\shaderShadowMap.frag">
      <Filter>Archivos de recursos\Shadows</Filter>
    </None>
    <None Include="shadersShadows\shaderShadowMap.vert">
      <Filter>Archivos de recursos\Shadows</Filter>
    </None>
    <None Include="shadersShadows\shaderBB.frag">
      <Filter>Archivos de recursos\Shadows</Filter>
    </None>
    <None Include="shadersShadows\shaderBB.vert">
      <Filter>Archivos de recursos\Shadows</Filter>
    </None>
  </ItemGroup>
</Project>